
Microsoft Visual Studio Solution File, Format Version 12.00
# Visual Studio 15
VisualStudioVersion = 15.0.26228.4
MinimumVisualStudioVersion = 10.0.40219.1
Project("{FAE04EC0-301F-11D3-BF4B-00C04F79EFBC}") = "Forum.Android", "Forum\Forum.Android\Forum.Android.csproj", "{EB3D5E67-CA06-4546-A9DE-9DF2F6B12F0C}"
EndProject
Project("{FAE04EC0-301F-11D3-BF4B-00C04F79EFBC}") = "Forum", "Forum\Forum\Forum.csproj", "{29AA14F9-863C-45BF-8117-BB13CD8803FB}"
EndProject
Project("{FAE04EC0-301F-11D3-BF4B-00C04F79EFBC}") = "Forum.iOS", "Forum\Forum.iOS\Forum.iOS.csproj", "{D5C1BFC4-C1AB-43A2-BA6D-705D2DF903EC}"
EndProject
Project("{FAE04EC0-301F-11D3-BF4B-00C04F79EFBC}") = "Forum.Server", "Forum.Server\Forum.Server.csproj", "{23AFDBF6-F8D0-468B-A663-64ECB97CC15F}"
EndProject
Global
	GlobalSection(SolutionConfigurationPlatforms) = preSolution
		Ad-Hoc|Any CPU = Ad-Hoc|Any CPU
		Ad-Hoc|iPhone = Ad-Hoc|iPhone
		Ad-Hoc|iPhoneSimulator = Ad-Hoc|iPhoneSimulator
		AppStore|Any CPU = AppStore|Any CPU
		AppStore|iPhone = AppStore|iPhone
		AppStore|iPhoneSimulator = AppStore|iPhoneSimulator
		Debug|Any CPU = Debug|Any CPU
		Debug|iPhone = Debug|iPhone
		Debug|iPhoneSimulator = Debug|iPhoneSimulator
		Release|Any CPU = Release|Any CPU
		Release|iPhone = Release|iPhone
		Release|iPhoneSimulator = Release|iPhoneSimulator
	EndGlobalSection
	GlobalSection(ProjectConfigurationPlatforms) = postSolution
		{EB3D5E67-CA06-4546-A9DE-9DF2F6B12F0C}.Ad-Hoc|Any CPU.ActiveCfg = Release|Any CPU
		{EB3D5E67-CA06-4546-A9DE-9DF2F6B12F0C}.Ad-Hoc|Any CPU.Build.0 = Release|Any CPU
		{EB3D5E67-CA06-4546-A9DE-9DF2F6B12F0C}.Ad-Hoc|Any CPU.Deploy.0 = Release|Any CPU
		{EB3D5E67-CA06-4546-A9DE-9DF2F6B12F0C}.Ad-Hoc|iPhone.ActiveCfg = Release|Any CPU
		{EB3D5E67-CA06-4546-A9DE-9DF2F6B12F0C}.Ad-Hoc|iPhone.Build.0 = Release|Any CPU
		{EB3D5E67-CA06-4546-A9DE-9DF2F6B12F0C}.Ad-Hoc|iPhone.Deploy.0 = Release|Any CPU
		{EB3D5E67-CA06-4546-A9DE-9DF2F6B12F0C}.Ad-Hoc|iPhoneSimulator.ActiveCfg = Release|Any CPU
		{EB3D5E67-CA06-4546-A9DE-9DF2F6B12F0C}.Ad-Hoc|iPhoneSimulator.Build.0 = Release|Any CPU
		{EB3D5E67-CA06-4546-A9DE-9DF2F6B12F0C}.Ad-Hoc|iPhoneSimulator.Deploy.0 = Release|Any CPU
		{EB3D5E67-CA06-4546-A9DE-9DF2F6B12F0C}.AppStore|Any CPU.ActiveCfg = Release|Any CPU
		{EB3D5E67-CA06-4546-A9DE-9DF2F6B12F0C}.AppStore|Any CPU.Build.0 = Release|Any CPU
		{EB3D5E67-CA06-4546-A9DE-9DF2F6B12F0C}.AppStore|Any CPU.Deploy.0 = Release|Any CPU
		{EB3D5E67-CA06-4546-A9DE-9DF2F6B12F0C}.AppStore|iPhone.ActiveCfg = Release|Any CPU
		{EB3D5E67-CA06-4546-A9DE-9DF2F6B12F0C}.AppStore|iPhone.Build.0 = Release|Any CPU
		{EB3D5E67-CA06-4546-A9DE-9DF2F6B12F0C}.AppStore|iPhone.Deploy.0 = Release|Any CPU
		{EB3D5E67-CA06-4546-A9DE-9DF2F6B12F0C}.AppStore|iPhoneSimulator.ActiveCfg = Release|Any CPU
		{EB3D5E67-CA06-4546-A9DE-9DF2F6B12F0C}.AppStore|iPhoneSimulator.Build.0 = Release|Any CPU
		{EB3D5E67-CA06-4546-A9DE-9DF2F6B12F0C}.AppStore|iPhoneSimulator.Deploy.0 = Release|Any CPU
		{EB3D5E67-CA06-4546-A9DE-9DF2F6B12F0C}.Debug|Any CPU.ActiveCfg = Debug|Any CPU
		{EB3D5E67-CA06-4546-A9DE-9DF2F6B12F0C}.Debug|Any CPU.Build.0 = Debug|Any CPU
		{EB3D5E67-CA06-4546-A9DE-9DF2F6B12F0C}.Debug|Any CPU.Deploy.0 = Debug|Any CPU
		{EB3D5E67-CA06-4546-A9DE-9DF2F6B12F0C}.Debug|iPhone.ActiveCfg = Debug|Any CPU
		{EB3D5E67-CA06-4546-A9DE-9DF2F6B12F0C}.Debug|iPhone.Build.0 = Debug|Any CPU
		{EB3D5E67-CA06-4546-A9DE-9DF2F6B12F0C}.Debug|iPhone.Deploy.0 = Debug|Any CPU
		{EB3D5E67-CA06-4546-A9DE-9DF2F6B12F0C}.Debug|iPhoneSimulator.ActiveCfg = Debug|Any CPU
		{EB3D5E67-CA06-4546-A9DE-9DF2F6B12F0C}.Debug|iPhoneSimulator.Build.0 = Debug|Any CPU
		{EB3D5E67-CA06-4546-A9DE-9DF2F6B12F0C}.Debug|iPhoneSimulator.Deploy.0 = Debug|Any CPU
		{EB3D5E67-CA06-4546-A9DE-9DF2F6B12F0C}.Release|Any CPU.ActiveCfg = Release|Any CPU
		{EB3D5E67-CA06-4546-A9DE-9DF2F6B12F0C}.Release|Any CPU.Build.0 = Release|Any CPU
		{EB3D5E67-CA06-4546-A9DE-9DF2F6B12F0C}.Release|Any CPU.Deploy.0 = Release|Any CPU
		{EB3D5E67-CA06-4546-A9DE-9DF2F6B12F0C}.Release|iPhone.ActiveCfg = Release|Any CPU
		{EB3D5E67-CA06-4546-A9DE-9DF2F6B12F0C}.Release|iPhone.Build.0 = Release|Any CPU
		{EB3D5E67-CA06-4546-A9DE-9DF2F6B12F0C}.Release|iPhone.Deploy.0 = Release|Any CPU
		{EB3D5E67-CA06-4546-A9DE-9DF2F6B12F0C}.Release|iPhoneSimulator.ActiveCfg = Release|Any CPU
		{EB3D5E67-CA06-4546-A9DE-9DF2F6B12F0C}.Release|iPhoneSimulator.Build.0 = Release|Any CPU
		{EB3D5E67-CA06-4546-A9DE-9DF2F6B12F0C}.Release|iPhoneSimulator.Deploy.0 = Release|Any CPU
		{29AA14F9-863C-45BF-8117-BB13CD8803FB}.Ad-Hoc|Any CPU.ActiveCfg = Release|Any CPU
		{29AA14F9-863C-45BF-8117-BB13CD8803FB}.Ad-Hoc|Any CPU.Build.0 = Release|Any CPU
		{29AA14F9-863C-45BF-8117-BB13CD8803FB}.Ad-Hoc|iPhone.ActiveCfg = Release|Any CPU
		{29AA14F9-863C-45BF-8117-BB13CD8803FB}.Ad-Hoc|iPhone.Build.0 = Release|Any CPU
		{29AA14F9-863C-45BF-8117-BB13CD8803FB}.Ad-Hoc|iPhoneSimulator.ActiveCfg = Release|Any CPU
		{29AA14F9-863C-45BF-8117-BB13CD8803FB}.Ad-Hoc|iPhoneSimulator.Build.0 = Release|Any CPU
		{29AA14F9-863C-45BF-8117-BB13CD8803FB}.AppStore|Any CPU.ActiveCfg = Release|Any CPU
		{29AA14F9-863C-45BF-8117-BB13CD8803FB}.AppStore|Any CPU.Build.0 = Release|Any CPU
		{29AA14F9-863C-45BF-8117-BB13CD8803FB}.AppStore|iPhone.ActiveCfg = Release|Any CPU
		{29AA14F9-863C-45BF-8117-BB13CD8803FB}.AppStore|iPhone.Build.0 = Release|Any CPU
		{29AA14F9-863C-45BF-8117-BB13CD8803FB}.AppStore|iPhoneSimulator.ActiveCfg = Release|Any CPU
		{29AA14F9-863C-45BF-8117-BB13CD8803FB}.AppStore|iPhoneSimulator.Build.0 = Release|Any CPU
		{29AA14F9-863C-45BF-8117-BB13CD8803FB}.Debug|Any CPU.ActiveCfg = Debug|Any CPU
		{29AA14F9-863C-45BF-8117-BB13CD8803FB}.Debug|Any CPU.Build.0 = Debug|Any CPU
		{29AA14F9-863C-45BF-8117-BB13CD8803FB}.Debug|iPhone.ActiveCfg = Debug|Any CPU
		{29AA14F9-863C-45BF-8117-BB13CD8803FB}.Debug|iPhone.Build.0 = Debug|Any CPU
		{29AA14F9-863C-45BF-8117-BB13CD8803FB}.Debug|iPhoneSimulator.ActiveCfg = Debug|Any CPU
		{29AA14F9-863C-45BF-8117-BB13CD8803FB}.Debug|iPhoneSimulator.Build.0 = Debug|Any CPU
		{29AA14F9-863C-45BF-8117-BB13CD8803FB}.Release|Any CPU.ActiveCfg = Release|Any CPU
		{29AA14F9-863C-45BF-8117-BB13CD8803FB}.Release|Any CPU.Build.0 = Release|Any CPU
		{29AA14F9-863C-45BF-8117-BB13CD8803FB}.Release|iPhone.ActiveCfg = Release|Any CPU
		{29AA14F9-863C-45BF-8117-BB13CD8803FB}.Release|iPhone.Build.0 = Release|Any CPU
		{29AA14F9-863C-45BF-8117-BB13CD8803FB}.Release|iPhoneSimulator.ActiveCfg = Release|Any CPU
		{29AA14F9-863C-45BF-8117-BB13CD8803FB}.Release|iPhoneSimulator.Build.0 = Release|Any CPU
		{D5C1BFC4-C1AB-43A2-BA6D-705D2DF903EC}.Ad-Hoc|Any CPU.ActiveCfg = Ad-Hoc|iPhone
		{D5C1BFC4-C1AB-43A2-BA6D-705D2DF903EC}.Ad-Hoc|iPhone.ActiveCfg = Ad-Hoc|iPhone
		{D5C1BFC4-C1AB-43A2-BA6D-705D2DF903EC}.Ad-Hoc|iPhone.Build.0 = Ad-Hoc|iPhone
		{D5C1BFC4-C1AB-43A2-BA6D-705D2DF903EC}.Ad-Hoc|iPhoneSimulator.ActiveCfg = Ad-Hoc|iPhoneSimulator
		{D5C1BFC4-C1AB-43A2-BA6D-705D2DF903EC}.Ad-Hoc|iPhoneSimulator.Build.0 = Ad-Hoc|iPhoneSimulator
		{D5C1BFC4-C1AB-43A2-BA6D-705D2DF903EC}.AppStore|Any CPU.ActiveCfg = AppStore|iPhone
		{D5C1BFC4-C1AB-43A2-BA6D-705D2DF903EC}.AppStore|iPhone.ActiveCfg = AppStore|iPhone
		{D5C1BFC4-C1AB-43A2-BA6D-705D2DF903EC}.AppStore|iPhone.Build.0 = AppStore|iPhone
		{D5C1BFC4-C1AB-43A2-BA6D-705D2DF903EC}.AppStore|iPhoneSimulator.ActiveCfg = AppStore|iPhoneSimulator
		{D5C1BFC4-C1AB-43A2-BA6D-705D2DF903EC}.AppStore|iPhoneSimulator.Build.0 = AppStore|iPhoneSimulator
		{D5C1BFC4-C1AB-43A2-BA6D-705D2DF903EC}.Debug|Any CPU.ActiveCfg = Debug|iPhone
		{D5C1BFC4-C1AB-43A2-BA6D-705D2DF903EC}.Debug|iPhone.ActiveCfg = Debug|iPhone
		{D5C1BFC4-C1AB-43A2-BA6D-705D2DF903EC}.Debug|iPhone.Build.0 = Debug|iPhone
		{D5C1BFC4-C1AB-43A2-BA6D-705D2DF903EC}.Debug|iPhoneSimulator.ActiveCfg = Debug|iPhoneSimulator
		{D5C1BFC4-C1AB-43A2-BA6D-705D2DF903EC}.Debug|iPhoneSimulator.Build.0 = Debug|iPhoneSimulator
		{D5C1BFC4-C1AB-43A2-BA6D-705D2DF903EC}.Release|Any CPU.ActiveCfg = Release|iPhone
		{D5C1BFC4-C1AB-43A2-BA6D-705D2DF903EC}.Release|iPhone.ActiveCfg = Release|iPhone
		{D5C1BFC4-C1AB-43A2-BA6D-705D2DF903EC}.Release|iPhone.Build.0 = Release|iPhone
		{D5C1BFC4-C1AB-43A2-BA6D-705D2DF903EC}.Release|iPhoneSimulator.ActiveCfg = Release|iPhoneSimulator
		{D5C1BFC4-C1AB-43A2-BA6D-705D2DF903EC}.Release|iPhoneSimulator.Build.0 = Release|iPhoneSimulator
		{23AFDBF6-F8D0-468B-A663-64ECB97CC15F}.Ad-Hoc|Any CPU.ActiveCfg = Release|Any CPU
		{23AFDBF6-F8D0-468B-A663-64ECB97CC15F}.Ad-Hoc|Any CPU.Build.0 = Release|Any CPU
		{23AFDBF6-F8D0-468B-A663-64ECB97CC15F}.Ad-Hoc|iPhone.ActiveCfg = Release|Any CPU
		{23AFDBF6-F8D0-468B-A663-64ECB97CC15F}.Ad-Hoc|iPhone.Build.0 = Release|Any CPU
		{23AFDBF6-F8D0-468B-A663-64ECB97CC15F}.Ad-Hoc|iPhoneSimulator.ActiveCfg = Release|Any CPU
		{23AFDBF6-F8D0-468B-A663-64ECB97CC15F}.Ad-Hoc|iPhoneSimulator.Build.0 = Release|Any CPU
		{23AFDBF6-F8D0-468B-A663-64ECB97CC15F}.AppStore|Any CPU.ActiveCfg = Release|Any CPU
		{23AFDBF6-F8D0-468B-A663-64ECB97CC15F}.AppStore|Any CPU.Build.0 = Release|Any CPU
		{23AFDBF6-F8D0-468B-A663-64ECB97CC15F}.AppStore|iPhone.ActiveCfg = Release|Any CPU
		{23AFDBF6-F8D0-468B-A663-64ECB97CC15F}.AppStore|iPhone.Build.0 = Release|Any CPU
		{23AFDBF6-F8D0-468B-A663-64ECB97CC15F}.AppStore|iPhoneSimulator.ActiveCfg = Release|Any CPU
		{23AFDBF6-F8D0-468B-A663-64ECB97CC15F}.AppStore|iPhoneSimulator.Build.0 = Release|Any CPU
		{23AFDBF6-F8D0-468B-A663-64ECB97CC15F}.Debug|Any CPU.ActiveCfg = Debug|Any CPU
		{23AFDBF6-F8D0-468B-A663-64ECB97CC15F}.Debug|Any CPU.Build.0 = Debug|Any CPU
		{23AFDBF6-F8D0-468B-A663-64ECB97CC15F}.Debug|iPhone.ActiveCfg = Debug|Any CPU
		{23AFDBF6-F8D0-468B-A663-64ECB97CC15F}.Debug|iPhone.Build.0 = Debug|Any CPU
		{23AFDBF6-F8D0-468B-A663-64ECB97CC15F}.Debug|iPhoneSimulator.ActiveCfg = Debug|Any CPU
		{23AFDBF6-F8D0-468B-A663-64ECB97CC15F}.Debug|iPhoneSimulator.Build.0 = Debug|Any CPU
		{23AFDBF6-F8D0-468B-A663-64ECB97CC15F}.Release|Any CPU.ActiveCfg = Release|Any CPU
		{23AFDBF6-F8D0-468B-A663-64ECB97CC15F}.Release|Any CPU.Build.0 = Release|Any CPU
		{23AFDBF6-F8D0-468B-A663-64ECB97CC15F}.Release|iPhone.ActiveCfg = Release|Any CPU
		{23AFDBF6-F8D0-468B-A663-64ECB97CC15F}.Release|iPhone.Build.0 = Release|Any CPU
		{23AFDBF6-F8D0-468B-A663-64ECB97CC15F}.Release|iPhoneSimulator.ActiveCfg = Release|Any CPU
		{23AFDBF6-F8D0-468B-A663-64ECB97CC15F}.Release|iPhoneSimulator.Build.0 = Release|Any CPU
	EndGlobalSection
	GlobalSection(SolutionProperties) = preSolution
		HideSolutionNode = FALSE
	EndGlobalSection
EndGlobal
